
Microsoft Visual Studio Solution File, Format Version 12.00
# Visual Studio 14
VisualStudioVersion = 14.0.25420.1
MinimumVisualStudioVersion = 10.0.40219.1
Project("{8BC9CEB8-8B4A-11D0-8D11-00A0C91BC942}") = "Lmq", "Lmq\Lmq.vcxproj", "{77300595-230D-41D9-8077-E54A07BD9B4B}"
EndProject
Project("{8BC9CEB8-8B4A-11D0-8D11-00A0C91BC942}") = "Sandbox", "Sandbox\Sandbox.vcxproj", "{CEE9EE48-F279-4DF4-AD3F-58B9530A7A91}"
EndProject
Global
	GlobalSection(SolutionConfigurationPlatforms) = preSolution
		Debug|x64 = Debug|x64
		Release|x64 = Release|x64
	EndGlobalSection
	GlobalSection(ProjectConfigurationPlatforms) = postSolution
		{77300595-230D-41D9-8077-E54A07BD9B4B}.Debug|x64.ActiveCfg = Debug|x64
		{77300595-230D-41D9-8077-E54A07BD9B4B}.Debug|x64.Build.0 = Debug|x64
		{77300595-230D-41D9-8077-E54A07BD9B4B}.Release|x64.ActiveCfg = Release|x64
		{77300595-230D-41D9-8077-E54A07BD9B4B}.Release|x64.Build.0 = Release|x64
		{CEE9EE48-F279-4DF4-AD3F-58B9530A7A91}.Debug|x64.ActiveCfg = Debug|x64
		{CEE9EE48-F279-4DF4-AD3F-58B9530A7A91}.Debug|x64.Build.0 = Debug|x64
		{CEE9EE48-F279-4DF4-AD3F-58B9530A7A91}.Release|x64.ActiveCfg = Release|x64
		{CEE9EE48-F279-4DF4-AD3F-58B9530A7A91}.Release|x64.Build.0 = Release|x64
	EndGlobalSection
	GlobalSection(SolutionProperties) = preSolution
		HideSolutionNode = FALSE
	EndGlobalSection
EndGlobal
