<?xml version="1.0" encoding="utf-8"?>
<Project ToolsVersion="4.0" xmlns="http://schemas.microsoft.com/developer/msbuild/2003">
  <ItemGroup>
    <Filter Include="Lmq">
      <UniqueIdentifier>{AF04880B-1B0E-887C-A489-9E7C1092937C}</UniqueIdentifier>
    </Filter>
  </ItemGroup>
  <ItemGroup>
    <ClInclude Include="src\Lmq.h" />
    <ClInclude Include="src\Lmq\Application.h">
      <Filter>Lmq</Filter>
    </ClInclude>
    <ClInclude Include="src\Lmq\Core.h">
      <Filter>Lmq</Filter>
    </ClInclude>
    <ClInclude Include="src\Lmq\EntryPoint.h">
      <Filter>Lmq</Filter>
    </ClInclude>
    <ClInclude Include="src\Lmq\Log.h">
      <Filter>Lmq</Filter>
    </ClInclude>
  </ItemGroup>
  <ItemGroup>
    <ClCompile Include="src\Lmq\Application.cpp">
      <Filter>Lmq</Filter>
    </ClCompile>
    <ClCompile Include="src\Lmq\Log.cpp">
      <Filter>Lmq</Filter>
    </ClCompile>
  </ItemGroup>
</Project>